
Microsoft Visual Studio Solution File, Format Version 12.00
# Visual Studio Version 17
VisualStudioVersion = 17.8.34525.116
MinimumVisualStudioVersion = 10.0.40219.1
Project("{9A19103F-16F7-4668-BE54-9A1E7A4F7556}") = "SQLApplication", "SQLApplication\SQLApplication.csproj", "{FD0CD2F6-1EF9-444C-AEB0-D63E00B71AF7}"
EndProject
Project("{9A19103F-16F7-4668-BE54-9A1E7A4F7556}") = "MyAzureCompany", "MyAzureCompany\MyAzureCompany.csproj", "{848F0AD7-A23B-4612-AB43-3AE54E545095}"
EndProject
Project("{9A19103F-16F7-4668-BE54-9A1E7A4F7556}") = "testApp", "testApp\testApp.csproj", "{D50686DB-BBCE-48ED-BDB3-6E2EC9DB96DB}"
EndProject
Project("{9A19103F-16F7-4668-BE54-9A1E7A4F7556}") = "FunctionApp1", "FunctionApp1\FunctionApp1.csproj", "{F5233782-B9A7-46E8-807A-A3C3033E58A7}"
EndProject
Project("{FAE04EC0-301F-11D3-BF4B-00C04F79EFBC}") = "ContainerApp", "ContainerApp\ContainerApp.csproj", "{C9E09F65-FFE6-40E6-938B-941AFA1DB00A}"
EndProject
Global
	GlobalSection(SolutionConfigurationPlatforms) = preSolution
		Debug|Any CPU = Debug|Any CPU
		Release|Any CPU = Release|Any CPU
	EndGlobalSection
	GlobalSection(ProjectConfigurationPlatforms) = postSolution
		{FD0CD2F6-1EF9-444C-AEB0-D63E00B71AF7}.Debug|Any CPU.ActiveCfg = Debug|Any CPU
		{FD0CD2F6-1EF9-444C-AEB0-D63E00B71AF7}.Debug|Any CPU.Build.0 = Debug|Any CPU
		{FD0CD2F6-1EF9-444C-AEB0-D63E00B71AF7}.Release|Any CPU.ActiveCfg = Release|Any CPU
		{FD0CD2F6-1EF9-444C-AEB0-D63E00B71AF7}.Release|Any CPU.Build.0 = Release|Any CPU
		{848F0AD7-A23B-4612-AB43-3AE54E545095}.Debug|Any CPU.ActiveCfg = Debug|Any CPU
		{848F0AD7-A23B-4612-AB43-3AE54E545095}.Debug|Any CPU.Build.0 = Debug|Any CPU
		{848F0AD7-A23B-4612-AB43-3AE54E545095}.Release|Any CPU.ActiveCfg = Release|Any CPU
		{848F0AD7-A23B-4612-AB43-3AE54E545095}.Release|Any CPU.Build.0 = Release|Any CPU
		{D50686DB-BBCE-48ED-BDB3-6E2EC9DB96DB}.Debug|Any CPU.ActiveCfg = Debug|Any CPU
		{D50686DB-BBCE-48ED-BDB3-6E2EC9DB96DB}.Debug|Any CPU.Build.0 = Debug|Any CPU
		{D50686DB-BBCE-48ED-BDB3-6E2EC9DB96DB}.Release|Any CPU.ActiveCfg = Release|Any CPU
		{D50686DB-BBCE-48ED-BDB3-6E2EC9DB96DB}.Release|Any CPU.Build.0 = Release|Any CPU
		{F5233782-B9A7-46E8-807A-A3C3033E58A7}.Debug|Any CPU.ActiveCfg = Debug|Any CPU
		{F5233782-B9A7-46E8-807A-A3C3033E58A7}.Debug|Any CPU.Build.0 = Debug|Any CPU
		{F5233782-B9A7-46E8-807A-A3C3033E58A7}.Release|Any CPU.ActiveCfg = Release|Any CPU
		{F5233782-B9A7-46E8-807A-A3C3033E58A7}.Release|Any CPU.Build.0 = Release|Any CPU
		{C9E09F65-FFE6-40E6-938B-941AFA1DB00A}.Debug|Any CPU.ActiveCfg = Debug|Any CPU
		{C9E09F65-FFE6-40E6-938B-941AFA1DB00A}.Debug|Any CPU.Build.0 = Debug|Any CPU
		{C9E09F65-FFE6-40E6-938B-941AFA1DB00A}.Release|Any CPU.ActiveCfg = Release|Any CPU
		{C9E09F65-FFE6-40E6-938B-941AFA1DB00A}.Release|Any CPU.Build.0 = Release|Any CPU
	EndGlobalSection
	GlobalSection(SolutionProperties) = preSolution
		HideSolutionNode = FALSE
	EndGlobalSection
	GlobalSection(ExtensibilityGlobals) = postSolution
		SolutionGuid = {5DE518C0-09D8-4520-899F-CFF003EC6F46}
	EndGlobalSection
EndGlobal
